
Microsoft Visual Studio Solution File, Format Version 12.00
# Visual Studio Version 16
VisualStudioVersion = 16.0.31313.79
MinimumVisualStudioVersion = 10.0.40219.1
Project("{9A19103F-16F7-4668-BE54-9A1E7A4F7556}") = "Averia.Chat.Server", "Averia.Chat.Server\Averia.Chat.Server.csproj", "{653401CC-1DA3-4A6B-8B59-8E5DFB1AA7EF}"
EndProject
Project("{2150E333-8FDC-42A3-9474-1A3956D46DE8}") = "Clients", "Clients", "{8D5C8878-F5B8-420A-951C-D37FF42E2D29}"
EndProject
Project("{9A19103F-16F7-4668-BE54-9A1E7A4F7556}") = "Averia.Chat.ConsoleClient", "..\Clients\Averia.Chat.ConsoleClient\Averia.Chat.ConsoleClient.csproj", "{A38BAAC6-0DFB-4BAA-8FF7-DE4E66146D5F}"
EndProject
Project("{2150E333-8FDC-42A3-9474-1A3956D46DE8}") = "Core", "Core", "{7731E6F5-7832-481C-9D93-8F2FDC0792E9}"
EndProject
Project("{9A19103F-16F7-4668-BE54-9A1E7A4F7556}") = "Averia.Core.Domain", "..\Core\Averia.Core.Domain\Averia.Core.Domain.csproj", "{B1795010-9F76-4A50-AB32-8FC0E36B8C35}"
EndProject
Project("{9A19103F-16F7-4668-BE54-9A1E7A4F7556}") = "Averia.Core.Domain.Server", "..\Core\Averia.Core.Domain.Server\Averia.Core.Domain.Server.csproj", "{8FAB7A51-8266-464F-8728-71EA08F1E792}"
EndProject
Project("{2150E333-8FDC-42A3-9474-1A3956D46DE8}") = "Storage", "Storage", "{BF6C752D-2FC6-4199-BF15-D2D02B398FAD}"
EndProject
Project("{9A19103F-16F7-4668-BE54-9A1E7A4F7556}") = "Averia.Storage.Entity", "..\Storage\Averia.Storage.Entity\Averia.Storage.Entity.csproj", "{CC0F60B3-1F6B-4064-B96F-BF087B5C719F}"
EndProject
Project("{9A19103F-16F7-4668-BE54-9A1E7A4F7556}") = "Averia.Core.Domain.Client", "..\Core\Averia.Core.Domain.Client\Averia.Core.Domain.Client.csproj", "{EC2787F6-A11A-4E2E-9FE7-7DA39985EA81}"
EndProject
Project("{2150E333-8FDC-42A3-9474-1A3956D46DE8}") = "Transport", "Transport", "{7E3FCB9E-C6C3-43DB-8606-7B857462ECCF}"
EndProject
Project("{9A19103F-16F7-4668-BE54-9A1E7A4F7556}") = "Averia.Transport.Client", "..\Transport\Averia.Core.Client\Averia.Transport.Client.csproj", "{CA838A52-2640-4D5F-8629-0B7FD21A3E41}"
EndProject
Project("{9A19103F-16F7-4668-BE54-9A1E7A4F7556}") = "Averia.Transport.Server", "..\Transport\Averia.Core.Server\Averia.Transport.Server.csproj", "{A2C71CF5-21C7-4481-BA43-01BA698E075D}"
EndProject
Global
	GlobalSection(SolutionConfigurationPlatforms) = preSolution
		Debug|Any CPU = Debug|Any CPU
		Release|Any CPU = Release|Any CPU
	EndGlobalSection
	GlobalSection(ProjectConfigurationPlatforms) = postSolution
		{653401CC-1DA3-4A6B-8B59-8E5DFB1AA7EF}.Debug|Any CPU.ActiveCfg = Debug|Any CPU
		{653401CC-1DA3-4A6B-8B59-8E5DFB1AA7EF}.Debug|Any CPU.Build.0 = Debug|Any CPU
		{653401CC-1DA3-4A6B-8B59-8E5DFB1AA7EF}.Release|Any CPU.ActiveCfg = Release|Any CPU
		{653401CC-1DA3-4A6B-8B59-8E5DFB1AA7EF}.Release|Any CPU.Build.0 = Release|Any CPU
		{A38BAAC6-0DFB-4BAA-8FF7-DE4E66146D5F}.Debug|Any CPU.ActiveCfg = Debug|Any CPU
		{A38BAAC6-0DFB-4BAA-8FF7-DE4E66146D5F}.Debug|Any CPU.Build.0 = Debug|Any CPU
		{A38BAAC6-0DFB-4BAA-8FF7-DE4E66146D5F}.Release|Any CPU.ActiveCfg = Release|Any CPU
		{A38BAAC6-0DFB-4BAA-8FF7-DE4E66146D5F}.Release|Any CPU.Build.0 = Release|Any CPU
		{B1795010-9F76-4A50-AB32-8FC0E36B8C35}.Debug|Any CPU.ActiveCfg = Debug|Any CPU
		{B1795010-9F76-4A50-AB32-8FC0E36B8C35}.Debug|Any CPU.Build.0 = Debug|Any CPU
		{B1795010-9F76-4A50-AB32-8FC0E36B8C35}.Release|Any CPU.ActiveCfg = Release|Any CPU
		{B1795010-9F76-4A50-AB32-8FC0E36B8C35}.Release|Any CPU.Build.0 = Release|Any CPU
		{8FAB7A51-8266-464F-8728-71EA08F1E792}.Debug|Any CPU.ActiveCfg = Debug|Any CPU
		{8FAB7A51-8266-464F-8728-71EA08F1E792}.Debug|Any CPU.Build.0 = Debug|Any CPU
		{8FAB7A51-8266-464F-8728-71EA08F1E792}.Release|Any CPU.ActiveCfg = Release|Any CPU
		{8FAB7A51-8266-464F-8728-71EA08F1E792}.Release|Any CPU.Build.0 = Release|Any CPU
		{CC0F60B3-1F6B-4064-B96F-BF087B5C719F}.Debug|Any CPU.ActiveCfg = Debug|Any CPU
		{CC0F60B3-1F6B-4064-B96F-BF087B5C719F}.Debug|Any CPU.Build.0 = Debug|Any CPU
		{CC0F60B3-1F6B-4064-B96F-BF087B5C719F}.Release|Any CPU.ActiveCfg = Release|Any CPU
		{CC0F60B3-1F6B-4064-B96F-BF087B5C719F}.Release|Any CPU.Build.0 = Release|Any CPU
		{EC2787F6-A11A-4E2E-9FE7-7DA39985EA81}.Debug|Any CPU.ActiveCfg = Debug|Any CPU
		{EC2787F6-A11A-4E2E-9FE7-7DA39985EA81}.Debug|Any CPU.Build.0 = Debug|Any CPU
		{EC2787F6-A11A-4E2E-9FE7-7DA39985EA81}.Release|Any CPU.ActiveCfg = Release|Any CPU
		{EC2787F6-A11A-4E2E-9FE7-7DA39985EA81}.Release|Any CPU.Build.0 = Release|Any CPU
		{CA838A52-2640-4D5F-8629-0B7FD21A3E41}.Debug|Any CPU.ActiveCfg = Debug|Any CPU
		{CA838A52-2640-4D5F-8629-0B7FD21A3E41}.Debug|Any CPU.Build.0 = Debug|Any CPU
		{CA838A52-2640-4D5F-8629-0B7FD21A3E41}.Release|Any CPU.ActiveCfg = Release|Any CPU
		{CA838A52-2640-4D5F-8629-0B7FD21A3E41}.Release|Any CPU.Build.0 = Release|Any CPU
		{A2C71CF5-21C7-4481-BA43-01BA698E075D}.Debug|Any CPU.ActiveCfg = Debug|Any CPU
		{A2C71CF5-21C7-4481-BA43-01BA698E075D}.Debug|Any CPU.Build.0 = Debug|Any CPU
		{A2C71CF5-21C7-4481-BA43-01BA698E075D}.Release|Any CPU.ActiveCfg = Release|Any CPU
		{A2C71CF5-21C7-4481-BA43-01BA698E075D}.Release|Any CPU.Build.0 = Release|Any CPU
	EndGlobalSection
	GlobalSection(SolutionProperties) = preSolution
		HideSolutionNode = FALSE
	EndGlobalSection
	GlobalSection(NestedProjects) = preSolution
		{A38BAAC6-0DFB-4BAA-8FF7-DE4E66146D5F} = {8D5C8878-F5B8-420A-951C-D37FF42E2D29}
		{B1795010-9F76-4A50-AB32-8FC0E36B8C35} = {7731E6F5-7832-481C-9D93-8F2FDC0792E9}
		{8FAB7A51-8266-464F-8728-71EA08F1E792} = {7731E6F5-7832-481C-9D93-8F2FDC0792E9}
		{CC0F60B3-1F6B-4064-B96F-BF087B5C719F} = {BF6C752D-2FC6-4199-BF15-D2D02B398FAD}
		{EC2787F6-A11A-4E2E-9FE7-7DA39985EA81} = {7731E6F5-7832-481C-9D93-8F2FDC0792E9}
		{CA838A52-2640-4D5F-8629-0B7FD21A3E41} = {7E3FCB9E-C6C3-43DB-8606-7B857462ECCF}
		{A2C71CF5-21C7-4481-BA43-01BA698E075D} = {7E3FCB9E-C6C3-43DB-8606-7B857462ECCF}
	EndGlobalSection
	GlobalSection(ExtensibilityGlobals) = postSolution
		SolutionGuid = {3D2FE3F8-366E-4A75-B33A-14F3957F0FF4}
	EndGlobalSection
EndGlobal
